
Microsoft Visual Studio Solution File, Format Version 12.00
# Visual Studio Version 17
VisualStudioVersion = 17.7.34031.279
MinimumVisualStudioVersion = 10.0.40219.1
Project("{FAE04EC0-301F-11D3-BF4B-00C04F79EFBC}") = "Week15OOPAndFiles", "Week15OOPAndFiles\Week15OOPAndFiles.csproj", "{8EFC03DD-3A20-433E-A8FD-A03B5A8E5FBB}"
EndProject
Global
	GlobalSection(SolutionConfigurationPlatforms) = preSolution
		Debug|Any CPU = Debug|Any CPU
		Release|Any CPU = Release|Any CPU
	EndGlobalSection
	GlobalSection(ProjectConfigurationPlatforms) = postSolution
		{8EFC03DD-3A20-433E-A8FD-A03B5A8E5FBB}.Debug|Any CPU.ActiveCfg = Debug|Any CPU
		{8EFC03DD-3A20-433E-A8FD-A03B5A8E5FBB}.Debug|Any CPU.Build.0 = Debug|Any CPU
		{8EFC03DD-3A20-433E-A8FD-A03B5A8E5FBB}.Release|Any CPU.ActiveCfg = Release|Any CPU
		{8EFC03DD-3A20-433E-A8FD-A03B5A8E5FBB}.Release|Any CPU.Build.0 = Release|Any CPU
	EndGlobalSection
	GlobalSection(SolutionProperties) = preSolution
		HideSolutionNode = FALSE
	EndGlobalSection
	GlobalSection(ExtensibilityGlobals) = postSolution
		SolutionGuid = {41491CE0-CD09-4E3D-9E6D-C4CD43DF9C8A}
	EndGlobalSection
EndGlobal
